
Microsoft Visual Studio Solution File, Format Version 12.00
# Visual Studio Version 16
VisualStudioVersion = 16.0.29519.181
MinimumVisualStudioVersion = 10.0.40219.1
Project("{9A19103F-16F7-4668-BE54-9A1E7A4F7556}") = "Exwhyzee.Lojour.Data", "Exwhyzee.Lojour.Data\Exwhyzee.Lojour.Data.csproj", "{FEF366F1-F513-4908-9C40-E80574EB8FFB}"
EndProject
Project("{9A19103F-16F7-4668-BE54-9A1E7A4F7556}") = "Exwhyzee.Lojour.Web", "Exwhyzee.Lojour.Web\Exwhyzee.Lojour.Web.csproj", "{9BA397C2-D8EF-45AC-9F9B-CBD5966EA159}"
EndProject
Project("{2150E333-8FDC-42A3-9474-1A3956D46DE8}") = "Libraries", "Libraries", "{216FF262-DF4D-48DE-A52B-E7F5718F32C1}"
EndProject
Project("{9A19103F-16F7-4668-BE54-9A1E7A4F7556}") = "Exwhyzee.Data", "Libraries\Exwhyzee.Data\Exwhyzee.Data.csproj", "{D66BFAF2-A0A7-4666-A0D9-3B9B339C5A8E}"
EndProject
Project("{9A19103F-16F7-4668-BE54-9A1E7A4F7556}") = "Exwhyzee.Core", "Libraries\Exwhyzee.Core\Exwhyzee.Core.csproj", "{5DDE3427-ACA8-4BFD-8125-E1D69CB60776}"
EndProject
Project("{9A19103F-16F7-4668-BE54-9A1E7A4F7556}") = "Exwhyzee.Lojour.Application", "Exwhyzee.Lojour.Application\Exwhyzee.Lojour.Application.csproj", "{D6758B4B-14F6-4C52-9A5C-5D8722254717}"
EndProject
Project("{00D1A9C2-B5F0-4AF3-8072-F6C62B433612}") = "Exwhyzee.Lojour.Database", "Exwhyzee.Lojour.Database\Exwhyzee.Lojour.Database.sqlproj", "{7493DC23-2BF6-4DB2-8764-A73338E9FF82}"
EndProject
Project("{9A19103F-16F7-4668-BE54-9A1E7A4F7556}") = "Exwhyzee.Lojour.Core", "Exwhyzee.Lojour.Core\Exwhyzee.Lojour.Core.csproj", "{546E85E3-F519-48BC-B3C9-1B8FB274D3B6}"
EndProject
Project("{9A19103F-16F7-4668-BE54-9A1E7A4F7556}") = "Exwhyzee.Lojour.Website", "Exwhyzee.Lojour.Website\Exwhyzee.Lojour.Website.csproj", "{8D1375D4-B9EF-4E38-920D-945BB7B64389}"
EndProject
Global
	GlobalSection(SolutionConfigurationPlatforms) = preSolution
		Ad-Hoc|Any CPU = Ad-Hoc|Any CPU
		Ad-Hoc|ARM = Ad-Hoc|ARM
		Ad-Hoc|iPhone = Ad-Hoc|iPhone
		Ad-Hoc|iPhoneSimulator = Ad-Hoc|iPhoneSimulator
		Ad-Hoc|x64 = Ad-Hoc|x64
		Ad-Hoc|x86 = Ad-Hoc|x86
		AppStore|Any CPU = AppStore|Any CPU
		AppStore|ARM = AppStore|ARM
		AppStore|iPhone = AppStore|iPhone
		AppStore|iPhoneSimulator = AppStore|iPhoneSimulator
		AppStore|x64 = AppStore|x64
		AppStore|x86 = AppStore|x86
		Debug|Any CPU = Debug|Any CPU
		Debug|ARM = Debug|ARM
		Debug|iPhone = Debug|iPhone
		Debug|iPhoneSimulator = Debug|iPhoneSimulator
		Debug|x64 = Debug|x64
		Debug|x86 = Debug|x86
		Release|Any CPU = Release|Any CPU
		Release|ARM = Release|ARM
		Release|iPhone = Release|iPhone
		Release|iPhoneSimulator = Release|iPhoneSimulator
		Release|x64 = Release|x64
		Release|x86 = Release|x86
	EndGlobalSection
	GlobalSection(ProjectConfigurationPlatforms) = postSolution
		{FEF366F1-F513-4908-9C40-E80574EB8FFB}.Ad-Hoc|Any CPU.ActiveCfg = Release|Any CPU
		{FEF366F1-F513-4908-9C40-E80574EB8FFB}.Ad-Hoc|Any CPU.Build.0 = Release|Any CPU
		{FEF366F1-F513-4908-9C40-E80574EB8FFB}.Ad-Hoc|ARM.ActiveCfg = Release|Any CPU
		{FEF366F1-F513-4908-9C40-E80574EB8FFB}.Ad-Hoc|ARM.Build.0 = Release|Any CPU
		{FEF366F1-F513-4908-9C40-E80574EB8FFB}.Ad-Hoc|iPhone.ActiveCfg = Release|Any CPU
		{FEF366F1-F513-4908-9C40-E80574EB8FFB}.Ad-Hoc|iPhone.Build.0 = Release|Any CPU
		{FEF366F1-F513-4908-9C40-E80574EB8FFB}.Ad-Hoc|iPhoneSimulator.ActiveCfg = Release|Any CPU
		{FEF366F1-F513-4908-9C40-E80574EB8FFB}.Ad-Hoc|iPhoneSimulator.Build.0 = Release|Any CPU
		{FEF366F1-F513-4908-9C40-E80574EB8FFB}.Ad-Hoc|x64.ActiveCfg = Release|Any CPU
		{FEF366F1-F513-4908-9C40-E80574EB8FFB}.Ad-Hoc|x64.Build.0 = Release|Any CPU
		{FEF366F1-F513-4908-9C40-E80574EB8FFB}.Ad-Hoc|x86.ActiveCfg = Release|Any CPU
		{FEF366F1-F513-4908-9C40-E80574EB8FFB}.Ad-Hoc|x86.Build.0 = Release|Any CPU
		{FEF366F1-F513-4908-9C40-E80574EB8FFB}.AppStore|Any CPU.ActiveCfg = Release|Any CPU
		{FEF366F1-F513-4908-9C40-E80574EB8FFB}.AppStore|Any CPU.Build.0 = Release|Any CPU
		{FEF366F1-F513-4908-9C40-E80574EB8FFB}.AppStore|ARM.ActiveCfg = Release|Any CPU
		{FEF366F1-F513-4908-9C40-E80574EB8FFB}.AppStore|ARM.Build.0 = Release|Any CPU
		{FEF366F1-F513-4908-9C40-E80574EB8FFB}.AppStore|iPhone.ActiveCfg = Release|Any CPU
		{FEF366F1-F513-4908-9C40-E80574EB8FFB}.AppStore|iPhone.Build.0 = Release|Any CPU
		{FEF366F1-F513-4908-9C40-E80574EB8FFB}.AppStore|iPhoneSimulator.ActiveCfg = Release|Any CPU
		{FEF366F1-F513-4908-9C40-E80574EB8FFB}.AppStore|iPhoneSimulator.Build.0 = Release|Any CPU
		{FEF366F1-F513-4908-9C40-E80574EB8FFB}.AppStore|x64.ActiveCfg = Release|Any CPU
		{FEF366F1-F513-4908-9C40-E80574EB8FFB}.AppStore|x64.Build.0 = Release|Any CPU
		{FEF366F1-F513-4908-9C40-E80574EB8FFB}.AppStore|x86.ActiveCfg = Release|Any CPU
		{FEF366F1-F513-4908-9C40-E80574EB8FFB}.AppStore|x86.Build.0 = Release|Any CPU
		{FEF366F1-F513-4908-9C40-E80574EB8FFB}.Debug|Any CPU.ActiveCfg = Debug|Any CPU
		{FEF366F1-F513-4908-9C40-E80574EB8FFB}.Debug|Any CPU.Build.0 = Debug|Any CPU
		{FEF366F1-F513-4908-9C40-E80574EB8FFB}.Debug|ARM.ActiveCfg = Debug|Any CPU
		{FEF366F1-F513-4908-9C40-E80574EB8FFB}.Debug|ARM.Build.0 = Debug|Any CPU
		{FEF366F1-F513-4908-9C40-E80574EB8FFB}.Debug|iPhone.ActiveCfg = Debug|Any CPU
		{FEF366F1-F513-4908-9C40-E80574EB8FFB}.Debug|iPhone.Build.0 = Debug|Any CPU
		{FEF366F1-F513-4908-9C40-E80574EB8FFB}.Debug|iPhoneSimulator.ActiveCfg = Debug|Any CPU
		{FEF366F1-F513-4908-9C40-E80574EB8FFB}.Debug|iPhoneSimulator.Build.0 = Debug|Any CPU
		{FEF366F1-F513-4908-9C40-E80574EB8FFB}.Debug|x64.ActiveCfg = Debug|Any CPU
		{FEF366F1-F513-4908-9C40-E80574EB8FFB}.Debug|x64.Build.0 = Debug|Any CPU
		{FEF366F1-F513-4908-9C40-E80574EB8FFB}.Debug|x86.ActiveCfg = Debug|Any CPU
		{FEF366F1-F513-4908-9C40-E80574EB8FFB}.Debug|x86.Build.0 = Debug|Any CPU
		{FEF366F1-F513-4908-9C40-E80574EB8FFB}.Release|Any CPU.ActiveCfg = Release|Any CPU
		{FEF366F1-F513-4908-9C40-E80574EB8FFB}.Release|Any CPU.Build.0 = Release|Any CPU
		{FEF366F1-F513-4908-9C40-E80574EB8FFB}.Release|ARM.ActiveCfg = Release|Any CPU
		{FEF366F1-F513-4908-9C40-E80574EB8FFB}.Release|ARM.Build.0 = Release|Any CPU
		{FEF366F1-F513-4908-9C40-E80574EB8FFB}.Release|iPhone.ActiveCfg = Release|Any CPU
		{FEF366F1-F513-4908-9C40-E80574EB8FFB}.Release|iPhone.Build.0 = Release|Any CPU
		{FEF366F1-F513-4908-9C40-E80574EB8FFB}.Release|iPhoneSimulator.ActiveCfg = Release|Any CPU
		{FEF366F1-F513-4908-9C40-E80574EB8FFB}.Release|iPhoneSimulator.Build.0 = Release|Any CPU
		{FEF366F1-F513-4908-9C40-E80574EB8FFB}.Release|x64.ActiveCfg = Release|Any CPU
		{FEF366F1-F513-4908-9C40-E80574EB8FFB}.Release|x64.Build.0 = Release|Any CPU
		{FEF366F1-F513-4908-9C40-E80574EB8FFB}.Release|x86.ActiveCfg = Release|Any CPU
		{FEF366F1-F513-4908-9C40-E80574EB8FFB}.Release|x86.Build.0 = Release|Any CPU
		{9BA397C2-D8EF-45AC-9F9B-CBD5966EA159}.Ad-Hoc|Any CPU.ActiveCfg = Release|Any CPU
		{9BA397C2-D8EF-45AC-9F9B-CBD5966EA159}.Ad-Hoc|Any CPU.Build.0 = Release|Any CPU
		{9BA397C2-D8EF-45AC-9F9B-CBD5966EA159}.Ad-Hoc|ARM.ActiveCfg = Release|Any CPU
		{9BA397C2-D8EF-45AC-9F9B-CBD5966EA159}.Ad-Hoc|ARM.Build.0 = Release|Any CPU
		{9BA397C2-D8EF-45AC-9F9B-CBD5966EA159}.Ad-Hoc|iPhone.ActiveCfg = Release|Any CPU
		{9BA397C2-D8EF-45AC-9F9B-CBD5966EA159}.Ad-Hoc|iPhone.Build.0 = Release|Any CPU
		{9BA397C2-D8EF-45AC-9F9B-CBD5966EA159}.Ad-Hoc|iPhoneSimulator.ActiveCfg = Release|Any CPU
		{9BA397C2-D8EF-45AC-9F9B-CBD5966EA159}.Ad-Hoc|iPhoneSimulator.Build.0 = Release|Any CPU
		{9BA397C2-D8EF-45AC-9F9B-CBD5966EA159}.Ad-Hoc|x64.ActiveCfg = Release|Any CPU
		{9BA397C2-D8EF-45AC-9F9B-CBD5966EA159}.Ad-Hoc|x64.Build.0 = Release|Any CPU
		{9BA397C2-D8EF-45AC-9F9B-CBD5966EA159}.Ad-Hoc|x86.ActiveCfg = Release|Any CPU
		{9BA397C2-D8EF-45AC-9F9B-CBD5966EA159}.Ad-Hoc|x86.Build.0 = Release|Any CPU
		{9BA397C2-D8EF-45AC-9F9B-CBD5966EA159}.AppStore|Any CPU.ActiveCfg = Release|Any CPU
		{9BA397C2-D8EF-45AC-9F9B-CBD5966EA159}.AppStore|Any CPU.Build.0 = Release|Any CPU
		{9BA397C2-D8EF-45AC-9F9B-CBD5966EA159}.AppStore|ARM.ActiveCfg = Release|Any CPU
		{9BA397C2-D8EF-45AC-9F9B-CBD5966EA159}.AppStore|ARM.Build.0 = Release|Any CPU
		{9BA397C2-D8EF-45AC-9F9B-CBD5966EA159}.AppStore|iPhone.ActiveCfg = Release|Any CPU
		{9BA397C2-D8EF-45AC-9F9B-CBD5966EA159}.AppStore|iPhone.Build.0 = Release|Any CPU
		{9BA397C2-D8EF-45AC-9F9B-CBD5966EA159}.AppStore|iPhoneSimulator.ActiveCfg = Release|Any CPU
		{9BA397C2-D8EF-45AC-9F9B-CBD5966EA159}.AppStore|iPhoneSimulator.Build.0 = Release|Any CPU
		{9BA397C2-D8EF-45AC-9F9B-CBD5966EA159}.AppStore|x64.ActiveCfg = Release|Any CPU
		{9BA397C2-D8EF-45AC-9F9B-CBD5966EA159}.AppStore|x64.Build.0 = Release|Any CPU
		{9BA397C2-D8EF-45AC-9F9B-CBD5966EA159}.AppStore|x86.ActiveCfg = Release|Any CPU
		{9BA397C2-D8EF-45AC-9F9B-CBD5966EA159}.AppStore|x86.Build.0 = Release|Any CPU
		{9BA397C2-D8EF-45AC-9F9B-CBD5966EA159}.Debug|Any CPU.ActiveCfg = Debug|Any CPU
		{9BA397C2-D8EF-45AC-9F9B-CBD5966EA159}.Debug|Any CPU.Build.0 = Debug|Any CPU
		{9BA397C2-D8EF-45AC-9F9B-CBD5966EA159}.Debug|ARM.ActiveCfg = Debug|Any CPU
		{9BA397C2-D8EF-45AC-9F9B-CBD5966EA159}.Debug|ARM.Build.0 = Debug|Any CPU
		{9BA397C2-D8EF-45AC-9F9B-CBD5966EA159}.Debug|iPhone.ActiveCfg = Debug|Any CPU
		{9BA397C2-D8EF-45AC-9F9B-CBD5966EA159}.Debug|iPhone.Build.0 = Debug|Any CPU
		{9BA397C2-D8EF-45AC-9F9B-CBD5966EA159}.Debug|iPhoneSimulator.ActiveCfg = Debug|Any CPU
		{9BA397C2-D8EF-45AC-9F9B-CBD5966EA159}.Debug|iPhoneSimulator.Build.0 = Debug|Any CPU
		{9BA397C2-D8EF-45AC-9F9B-CBD5966EA159}.Debug|x64.ActiveCfg = Debug|Any CPU
		{9BA397C2-D8EF-45AC-9F9B-CBD5966EA159}.Debug|x64.Build.0 = Debug|Any CPU
		{9BA397C2-D8EF-45AC-9F9B-CBD5966EA159}.Debug|x86.ActiveCfg = Debug|Any CPU
		{9BA397C2-D8EF-45AC-9F9B-CBD5966EA159}.Debug|x86.Build.0 = Debug|Any CPU
		{9BA397C2-D8EF-45AC-9F9B-CBD5966EA159}.Release|Any CPU.ActiveCfg = Release|Any CPU
		{9BA397C2-D8EF-45AC-9F9B-CBD5966EA159}.Release|Any CPU.Build.0 = Release|Any CPU
		{9BA397C2-D8EF-45AC-9F9B-CBD5966EA159}.Release|ARM.ActiveCfg = Release|Any CPU
		{9BA397C2-D8EF-45AC-9F9B-CBD5966EA159}.Release|ARM.Build.0 = Release|Any CPU
		{9BA397C2-D8EF-45AC-9F9B-CBD5966EA159}.Release|iPhone.ActiveCfg = Release|Any CPU
		{9BA397C2-D8EF-45AC-9F9B-CBD5966EA159}.Release|iPhone.Build.0 = Release|Any CPU
		{9BA397C2-D8EF-45AC-9F9B-CBD5966EA159}.Release|iPhoneSimulator.ActiveCfg = Release|Any CPU
		{9BA397C2-D8EF-45AC-9F9B-CBD5966EA159}.Release|iPhoneSimulator.Build.0 = Release|Any CPU
		{9BA397C2-D8EF-45AC-9F9B-CBD5966EA159}.Release|x64.ActiveCfg = Release|Any CPU
		{9BA397C2-D8EF-45AC-9F9B-CBD5966EA159}.Release|x64.Build.0 = Release|Any CPU
		{9BA397C2-D8EF-45AC-9F9B-CBD5966EA159}.Release|x86.ActiveCfg = Release|Any CPU
		{9BA397C2-D8EF-45AC-9F9B-CBD5966EA159}.Release|x86.Build.0 = Release|Any CPU
		{D66BFAF2-A0A7-4666-A0D9-3B9B339C5A8E}.Ad-Hoc|Any CPU.ActiveCfg = Release|Any CPU
		{D66BFAF2-A0A7-4666-A0D9-3B9B339C5A8E}.Ad-Hoc|Any CPU.Build.0 = Release|Any CPU
		{D66BFAF2-A0A7-4666-A0D9-3B9B339C5A8E}.Ad-Hoc|ARM.ActiveCfg = Release|Any CPU
		{D66BFAF2-A0A7-4666-A0D9-3B9B339C5A8E}.Ad-Hoc|ARM.Build.0 = Release|Any CPU
		{D66BFAF2-A0A7-4666-A0D9-3B9B339C5A8E}.Ad-Hoc|iPhone.ActiveCfg = Release|Any CPU
		{D66BFAF2-A0A7-4666-A0D9-3B9B339C5A8E}.Ad-Hoc|iPhone.Build.0 = Release|Any CPU
		{D66BFAF2-A0A7-4666-A0D9-3B9B339C5A8E}.Ad-Hoc|iPhoneSimulator.ActiveCfg = Release|Any CPU
		{D66BFAF2-A0A7-4666-A0D9-3B9B339C5A8E}.Ad-Hoc|iPhoneSimulator.Build.0 = Release|Any CPU
		{D66BFAF2-A0A7-4666-A0D9-3B9B339C5A8E}.Ad-Hoc|x64.ActiveCfg = Release|Any CPU
		{D66BFAF2-A0A7-4666-A0D9-3B9B339C5A8E}.Ad-Hoc|x64.Build.0 = Release|Any CPU
		{D66BFAF2-A0A7-4666-A0D9-3B9B339C5A8E}.Ad-Hoc|x86.ActiveCfg = Release|Any CPU
		{D66BFAF2-A0A7-4666-A0D9-3B9B339C5A8E}.Ad-Hoc|x86.Build.0 = Release|Any CPU
		{D66BFAF2-A0A7-4666-A0D9-3B9B339C5A8E}.AppStore|Any CPU.ActiveCfg = Release|Any CPU
		{D66BFAF2-A0A7-4666-A0D9-3B9B339C5A8E}.AppStore|Any CPU.Build.0 = Release|Any CPU
		{D66BFAF2-A0A7-4666-A0D9-3B9B339C5A8E}.AppStore|ARM.ActiveCfg = Release|Any CPU
		{D66BFAF2-A0A7-4666-A0D9-3B9B339C5A8E}.AppStore|ARM.Build.0 = Release|Any CPU
		{D66BFAF2-A0A7-4666-A0D9-3B9B339C5A8E}.AppStore|iPhone.ActiveCfg = Release|Any CPU
		{D66BFAF2-A0A7-4666-A0D9-3B9B339C5A8E}.AppStore|iPhone.Build.0 = Release|Any CPU
		{D66BFAF2-A0A7-4666-A0D9-3B9B339C5A8E}.AppStore|iPhoneSimulator.ActiveCfg = Release|Any CPU
		{D66BFAF2-A0A7-4666-A0D9-3B9B339C5A8E}.AppStore|iPhoneSimulator.Build.0 = Release|Any CPU
		{D66BFAF2-A0A7-4666-A0D9-3B9B339C5A8E}.AppStore|x64.ActiveCfg = Release|Any CPU
		{D66BFAF2-A0A7-4666-A0D9-3B9B339C5A8E}.AppStore|x64.Build.0 = Release|Any CPU
		{D66BFAF2-A0A7-4666-A0D9-3B9B339C5A8E}.AppStore|x86.ActiveCfg = Release|Any CPU
		{D66BFAF2-A0A7-4666-A0D9-3B9B339C5A8E}.AppStore|x86.Build.0 = Release|Any CPU
		{D66BFAF2-A0A7-4666-A0D9-3B9B339C5A8E}.Debug|Any CPU.ActiveCfg = Debug|Any CPU
		{D66BFAF2-A0A7-4666-A0D9-3B9B339C5A8E}.Debug|Any CPU.Build.0 = Debug|Any CPU
		{D66BFAF2-A0A7-4666-A0D9-3B9B339C5A8E}.Debug|ARM.ActiveCfg = Debug|Any CPU
		{D66BFAF2-A0A7-4666-A0D9-3B9B339C5A8E}.Debug|ARM.Build.0 = Debug|Any CPU
		{D66BFAF2-A0A7-4666-A0D9-3B9B339C5A8E}.Debug|iPhone.ActiveCfg = Debug|Any CPU
		{D66BFAF2-A0A7-4666-A0D9-3B9B339C5A8E}.Debug|iPhone.Build.0 = Debug|Any CPU
		{D66BFAF2-A0A7-4666-A0D9-3B9B339C5A8E}.Debug|iPhoneSimulator.ActiveCfg = Debug|Any CPU
		{D66BFAF2-A0A7-4666-A0D9-3B9B339C5A8E}.Debug|iPhoneSimulator.Build.0 = Debug|Any CPU
		{D66BFAF2-A0A7-4666-A0D9-3B9B339C5A8E}.Debug|x64.ActiveCfg = Debug|Any CPU
		{D66BFAF2-A0A7-4666-A0D9-3B9B339C5A8E}.Debug|x64.Build.0 = Debug|Any CPU
		{D66BFAF2-A0A7-4666-A0D9-3B9B339C5A8E}.Debug|x86.ActiveCfg = Debug|Any CPU
		{D66BFAF2-A0A7-4666-A0D9-3B9B339C5A8E}.Debug|x86.Build.0 = Debug|Any CPU
		{D66BFAF2-A0A7-4666-A0D9-3B9B339C5A8E}.Release|Any CPU.ActiveCfg = Release|Any CPU
		{D66BFAF2-A0A7-4666-A0D9-3B9B339C5A8E}.Release|Any CPU.Build.0 = Release|Any CPU
		{D66BFAF2-A0A7-4666-A0D9-3B9B339C5A8E}.Release|ARM.ActiveCfg = Release|Any CPU
		{D66BFAF2-A0A7-4666-A0D9-3B9B339C5A8E}.Release|ARM.Build.0 = Release|Any CPU
		{D66BFAF2-A0A7-4666-A0D9-3B9B339C5A8E}.Release|iPhone.ActiveCfg = Release|Any CPU
		{D66BFAF2-A0A7-4666-A0D9-3B9B339C5A8E}.Release|iPhone.Build.0 = Release|Any CPU
		{D66BFAF2-A0A7-4666-A0D9-3B9B339C5A8E}.Release|iPhoneSimulator.ActiveCfg = Release|Any CPU
		{D66BFAF2-A0A7-4666-A0D9-3B9B339C5A8E}.Release|iPhoneSimulator.Build.0 = Release|Any CPU
		{D66BFAF2-A0A7-4666-A0D9-3B9B339C5A8E}.Release|x64.ActiveCfg = Release|Any CPU
		{D66BFAF2-A0A7-4666-A0D9-3B9B339C5A8E}.Release|x64.Build.0 = Release|Any CPU
		{D66BFAF2-A0A7-4666-A0D9-3B9B339C5A8E}.Release|x86.ActiveCfg = Release|Any CPU
		{D66BFAF2-A0A7-4666-A0D9-3B9B339C5A8E}.Release|x86.Build.0 = Release|Any CPU
		{5DDE3427-ACA8-4BFD-8125-E1D69CB60776}.Ad-Hoc|Any CPU.ActiveCfg = Release|Any CPU
		{5DDE3427-ACA8-4BFD-8125-E1D69CB60776}.Ad-Hoc|Any CPU.Build.0 = Release|Any CPU
		{5DDE3427-ACA8-4BFD-8125-E1D69CB60776}.Ad-Hoc|ARM.ActiveCfg = Release|Any CPU
		{5DDE3427-ACA8-4BFD-8125-E1D69CB60776}.Ad-Hoc|ARM.Build.0 = Release|Any CPU
		{5DDE3427-ACA8-4BFD-8125-E1D69CB60776}.Ad-Hoc|iPhone.ActiveCfg = Release|Any CPU
		{5DDE3427-ACA8-4BFD-8125-E1D69CB60776}.Ad-Hoc|iPhone.Build.0 = Release|Any CPU
		{5DDE3427-ACA8-4BFD-8125-E1D69CB60776}.Ad-Hoc|iPhoneSimulator.ActiveCfg = Release|Any CPU
		{5DDE3427-ACA8-4BFD-8125-E1D69CB60776}.Ad-Hoc|iPhoneSimulator.Build.0 = Release|Any CPU
		{5DDE3427-ACA8-4BFD-8125-E1D69CB60776}.Ad-Hoc|x64.ActiveCfg = Release|Any CPU
		{5DDE3427-ACA8-4BFD-8125-E1D69CB60776}.Ad-Hoc|x64.Build.0 = Release|Any CPU
		{5DDE3427-ACA8-4BFD-8125-E1D69CB60776}.Ad-Hoc|x86.ActiveCfg = Release|Any CPU
		{5DDE3427-ACA8-4BFD-8125-E1D69CB60776}.Ad-Hoc|x86.Build.0 = Release|Any CPU
		{5DDE3427-ACA8-4BFD-8125-E1D69CB60776}.AppStore|Any CPU.ActiveCfg = Release|Any CPU
		{5DDE3427-ACA8-4BFD-8125-E1D69CB60776}.AppStore|Any CPU.Build.0 = Release|Any CPU
		{5DDE3427-ACA8-4BFD-8125-E1D69CB60776}.AppStore|ARM.ActiveCfg = Release|Any CPU
		{5DDE3427-ACA8-4BFD-8125-E1D69CB60776}.AppStore|ARM.Build.0 = Release|Any CPU
		{5DDE3427-ACA8-4BFD-8125-E1D69CB60776}.AppStore|iPhone.ActiveCfg = Release|Any CPU
		{5DDE3427-ACA8-4BFD-8125-E1D69CB60776}.AppStore|iPhone.Build.0 = Release|Any CPU
		{5DDE3427-ACA8-4BFD-8125-E1D69CB60776}.AppStore|iPhoneSimulator.ActiveCfg = Release|Any CPU
		{5DDE3427-ACA8-4BFD-8125-E1D69CB60776}.AppStore|iPhoneSimulator.Build.0 = Release|Any CPU
		{5DDE3427-ACA8-4BFD-8125-E1D69CB60776}.AppStore|x64.ActiveCfg = Release|Any CPU
		{5DDE3427-ACA8-4BFD-8125-E1D69CB60776}.AppStore|x64.Build.0 = Release|Any CPU
		{5DDE3427-ACA8-4BFD-8125-E1D69CB60776}.AppStore|x86.ActiveCfg = Release|Any CPU
		{5DDE3427-ACA8-4BFD-8125-E1D69CB60776}.AppStore|x86.Build.0 = Release|Any CPU
		{5DDE3427-ACA8-4BFD-8125-E1D69CB60776}.Debug|Any CPU.ActiveCfg = Debug|Any CPU
		{5DDE3427-ACA8-4BFD-8125-E1D69CB60776}.Debug|Any CPU.Build.0 = Debug|Any CPU
		{5DDE3427-ACA8-4BFD-8125-E1D69CB60776}.Debug|ARM.ActiveCfg = Debug|Any CPU
		{5DDE3427-ACA8-4BFD-8125-E1D69CB60776}.Debug|ARM.Build.0 = Debug|Any CPU
		{5DDE3427-ACA8-4BFD-8125-E1D69CB60776}.Debug|iPhone.ActiveCfg = Debug|Any CPU
		{5DDE3427-ACA8-4BFD-8125-E1D69CB60776}.Debug|iPhone.Build.0 = Debug|Any CPU
		{5DDE3427-ACA8-4BFD-8125-E1D69CB60776}.Debug|iPhoneSimulator.ActiveCfg = Debug|Any CPU
		{5DDE3427-ACA8-4BFD-8125-E1D69CB60776}.Debug|iPhoneSimulator.Build.0 = Debug|Any CPU
		{5DDE3427-ACA8-4BFD-8125-E1D69CB60776}.Debug|x64.ActiveCfg = Debug|Any CPU
		{5DDE3427-ACA8-4BFD-8125-E1D69CB60776}.Debug|x64.Build.0 = Debug|Any CPU
		{5DDE3427-ACA8-4BFD-8125-E1D69CB60776}.Debug|x86.ActiveCfg = Debug|Any CPU
		{5DDE3427-ACA8-4BFD-8125-E1D69CB60776}.Debug|x86.Build.0 = Debug|Any CPU
		{5DDE3427-ACA8-4BFD-8125-E1D69CB60776}.Release|Any CPU.ActiveCfg = Release|Any CPU
		{5DDE3427-ACA8-4BFD-8125-E1D69CB60776}.Release|Any CPU.Build.0 = Release|Any CPU
		{5DDE3427-ACA8-4BFD-8125-E1D69CB60776}.Release|ARM.ActiveCfg = Release|Any CPU
		{5DDE3427-ACA8-4BFD-8125-E1D69CB60776}.Release|ARM.Build.0 = Release|Any CPU
		{5DDE3427-ACA8-4BFD-8125-E1D69CB60776}.Release|iPhone.ActiveCfg = Release|Any CPU
		{5DDE3427-ACA8-4BFD-8125-E1D69CB60776}.Release|iPhone.Build.0 = Release|Any CPU
		{5DDE3427-ACA8-4BFD-8125-E1D69CB60776}.Release|iPhoneSimulator.ActiveCfg = Release|Any CPU
		{5DDE3427-ACA8-4BFD-8125-E1D69CB60776}.Release|iPhoneSimulator.Build.0 = Release|Any CPU
		{5DDE3427-ACA8-4BFD-8125-E1D69CB60776}.Release|x64.ActiveCfg = Release|Any CPU
		{5DDE3427-ACA8-4BFD-8125-E1D69CB60776}.Release|x64.Build.0 = Release|Any CPU
		{5DDE3427-ACA8-4BFD-8125-E1D69CB60776}.Release|x86.ActiveCfg = Release|Any CPU
		{5DDE3427-ACA8-4BFD-8125-E1D69CB60776}.Release|x86.Build.0 = Release|Any CPU
		{D6758B4B-14F6-4C52-9A5C-5D8722254717}.Ad-Hoc|Any CPU.ActiveCfg = Release|Any CPU
		{D6758B4B-14F6-4C52-9A5C-5D8722254717}.Ad-Hoc|Any CPU.Build.0 = Release|Any CPU
		{D6758B4B-14F6-4C52-9A5C-5D8722254717}.Ad-Hoc|ARM.ActiveCfg = Release|Any CPU
		{D6758B4B-14F6-4C52-9A5C-5D8722254717}.Ad-Hoc|ARM.Build.0 = Release|Any CPU
		{D6758B4B-14F6-4C52-9A5C-5D8722254717}.Ad-Hoc|iPhone.ActiveCfg = Release|Any CPU
		{D6758B4B-14F6-4C52-9A5C-5D8722254717}.Ad-Hoc|iPhone.Build.0 = Release|Any CPU
		{D6758B4B-14F6-4C52-9A5C-5D8722254717}.Ad-Hoc|iPhoneSimulator.ActiveCfg = Release|Any CPU
		{D6758B4B-14F6-4C52-9A5C-5D8722254717}.Ad-Hoc|iPhoneSimulator.Build.0 = Release|Any CPU
		{D6758B4B-14F6-4C52-9A5C-5D8722254717}.Ad-Hoc|x64.ActiveCfg = Release|Any CPU
		{D6758B4B-14F6-4C52-9A5C-5D8722254717}.Ad-Hoc|x64.Build.0 = Release|Any CPU
		{D6758B4B-14F6-4C52-9A5C-5D8722254717}.Ad-Hoc|x86.ActiveCfg = Release|Any CPU
		{D6758B4B-14F6-4C52-9A5C-5D8722254717}.Ad-Hoc|x86.Build.0 = Release|Any CPU
		{D6758B4B-14F6-4C52-9A5C-5D8722254717}.AppStore|Any CPU.ActiveCfg = Release|Any CPU
		{D6758B4B-14F6-4C52-9A5C-5D8722254717}.AppStore|Any CPU.Build.0 = Release|Any CPU
		{D6758B4B-14F6-4C52-9A5C-5D8722254717}.AppStore|ARM.ActiveCfg = Release|Any CPU
		{D6758B4B-14F6-4C52-9A5C-5D8722254717}.AppStore|ARM.Build.0 = Release|Any CPU
		{D6758B4B-14F6-4C52-9A5C-5D8722254717}.AppStore|iPhone.ActiveCfg = Release|Any CPU
		{D6758B4B-14F6-4C52-9A5C-5D8722254717}.AppStore|iPhone.Build.0 = Release|Any CPU
		{D6758B4B-14F6-4C52-9A5C-5D8722254717}.AppStore|iPhoneSimulator.ActiveCfg = Release|Any CPU
		{D6758B4B-14F6-4C52-9A5C-5D8722254717}.AppStore|iPhoneSimulator.Build.0 = Release|Any CPU
		{D6758B4B-14F6-4C52-9A5C-5D8722254717}.AppStore|x64.ActiveCfg = Release|Any CPU
		{D6758B4B-14F6-4C52-9A5C-5D8722254717}.AppStore|x64.Build.0 = Release|Any CPU
		{D6758B4B-14F6-4C52-9A5C-5D8722254717}.AppStore|x86.ActiveCfg = Release|Any CPU
		{D6758B4B-14F6-4C52-9A5C-5D8722254717}.AppStore|x86.Build.0 = Release|Any CPU
		{D6758B4B-14F6-4C52-9A5C-5D8722254717}.Debug|Any CPU.ActiveCfg = Debug|Any CPU
		{D6758B4B-14F6-4C52-9A5C-5D8722254717}.Debug|Any CPU.Build.0 = Debug|Any CPU
		{D6758B4B-14F6-4C52-9A5C-5D8722254717}.Debug|ARM.ActiveCfg = Debug|Any CPU
		{D6758B4B-14F6-4C52-9A5C-5D8722254717}.Debug|ARM.Build.0 = Debug|Any CPU
		{D6758B4B-14F6-4C52-9A5C-5D8722254717}.Debug|iPhone.ActiveCfg = Debug|Any CPU
		{D6758B4B-14F6-4C52-9A5C-5D8722254717}.Debug|iPhone.Build.0 = Debug|Any CPU
		{D6758B4B-14F6-4C52-9A5C-5D8722254717}.Debug|iPhoneSimulator.ActiveCfg = Debug|Any CPU
		{D6758B4B-14F6-4C52-9A5C-5D8722254717}.Debug|iPhoneSimulator.Build.0 = Debug|Any CPU
		{D6758B4B-14F6-4C52-9A5C-5D8722254717}.Debug|x64.ActiveCfg = Debug|Any CPU
		{D6758B4B-14F6-4C52-9A5C-5D8722254717}.Debug|x64.Build.0 = Debug|Any CPU
		{D6758B4B-14F6-4C52-9A5C-5D8722254717}.Debug|x86.ActiveCfg = Debug|Any CPU
		{D6758B4B-14F6-4C52-9A5C-5D8722254717}.Debug|x86.Build.0 = Debug|Any CPU
		{D6758B4B-14F6-4C52-9A5C-5D8722254717}.Release|Any CPU.ActiveCfg = Release|Any CPU
		{D6758B4B-14F6-4C52-9A5C-5D8722254717}.Release|Any CPU.Build.0 = Release|Any CPU
		{D6758B4B-14F6-4C52-9A5C-5D8722254717}.Release|ARM.ActiveCfg = Release|Any CPU
		{D6758B4B-14F6-4C52-9A5C-5D8722254717}.Release|ARM.Build.0 = Release|Any CPU
		{D6758B4B-14F6-4C52-9A5C-5D8722254717}.Release|iPhone.ActiveCfg = Release|Any CPU
		{D6758B4B-14F6-4C52-9A5C-5D8722254717}.Release|iPhone.Build.0 = Release|Any CPU
		{D6758B4B-14F6-4C52-9A5C-5D8722254717}.Release|iPhoneSimulator.ActiveCfg = Release|Any CPU
		{D6758B4B-14F6-4C52-9A5C-5D8722254717}.Release|iPhoneSimulator.Build.0 = Release|Any CPU
		{D6758B4B-14F6-4C52-9A5C-5D8722254717}.Release|x64.ActiveCfg = Release|Any CPU
		{D6758B4B-14F6-4C52-9A5C-5D8722254717}.Release|x64.Build.0 = Release|Any CPU
		{D6758B4B-14F6-4C52-9A5C-5D8722254717}.Release|x86.ActiveCfg = Release|Any CPU
		{D6758B4B-14F6-4C52-9A5C-5D8722254717}.Release|x86.Build.0 = Release|Any CPU
		{7493DC23-2BF6-4DB2-8764-A73338E9FF82}.Ad-Hoc|Any CPU.ActiveCfg = Release|Any CPU
		{7493DC23-2BF6-4DB2-8764-A73338E9FF82}.Ad-Hoc|Any CPU.Build.0 = Release|Any CPU
		{7493DC23-2BF6-4DB2-8764-A73338E9FF82}.Ad-Hoc|Any CPU.Deploy.0 = Release|Any CPU
		{7493DC23-2BF6-4DB2-8764-A73338E9FF82}.Ad-Hoc|ARM.ActiveCfg = Release|Any CPU
		{7493DC23-2BF6-4DB2-8764-A73338E9FF82}.Ad-Hoc|ARM.Build.0 = Release|Any CPU
		{7493DC23-2BF6-4DB2-8764-A73338E9FF82}.Ad-Hoc|ARM.Deploy.0 = Release|Any CPU
		{7493DC23-2BF6-4DB2-8764-A73338E9FF82}.Ad-Hoc|iPhone.ActiveCfg = Release|Any CPU
		{7493DC23-2BF6-4DB2-8764-A73338E9FF82}.Ad-Hoc|iPhone.Build.0 = Release|Any CPU
		{7493DC23-2BF6-4DB2-8764-A73338E9FF82}.Ad-Hoc|iPhone.Deploy.0 = Release|Any CPU
		{7493DC23-2BF6-4DB2-8764-A73338E9FF82}.Ad-Hoc|iPhoneSimulator.ActiveCfg = Release|Any CPU
		{7493DC23-2BF6-4DB2-8764-A73338E9FF82}.Ad-Hoc|iPhoneSimulator.Build.0 = Release|Any CPU
		{7493DC23-2BF6-4DB2-8764-A73338E9FF82}.Ad-Hoc|iPhoneSimulator.Deploy.0 = Release|Any CPU
		{7493DC23-2BF6-4DB2-8764-A73338E9FF82}.Ad-Hoc|x64.ActiveCfg = Release|Any CPU
		{7493DC23-2BF6-4DB2-8764-A73338E9FF82}.Ad-Hoc|x64.Build.0 = Release|Any CPU
		{7493DC23-2BF6-4DB2-8764-A73338E9FF82}.Ad-Hoc|x64.Deploy.0 = Release|Any CPU
		{7493DC23-2BF6-4DB2-8764-A73338E9FF82}.Ad-Hoc|x86.ActiveCfg = Release|Any CPU
		{7493DC23-2BF6-4DB2-8764-A73338E9FF82}.Ad-Hoc|x86.Build.0 = Release|Any CPU
		{7493DC23-2BF6-4DB2-8764-A73338E9FF82}.Ad-Hoc|x86.Deploy.0 = Release|Any CPU
		{7493DC23-2BF6-4DB2-8764-A73338E9FF82}.AppStore|Any CPU.ActiveCfg = Release|Any CPU
		{7493DC23-2BF6-4DB2-8764-A73338E9FF82}.AppStore|Any CPU.Build.0 = Release|Any CPU
		{7493DC23-2BF6-4DB2-8764-A73338E9FF82}.AppStore|Any CPU.Deploy.0 = Release|Any CPU
		{7493DC23-2BF6-4DB2-8764-A73338E9FF82}.AppStore|ARM.ActiveCfg = Release|Any CPU
		{7493DC23-2BF6-4DB2-8764-A73338E9FF82}.AppStore|ARM.Build.0 = Release|Any CPU
		{7493DC23-2BF6-4DB2-8764-A73338E9FF82}.AppStore|ARM.Deploy.0 = Release|Any CPU
		{7493DC23-2BF6-4DB2-8764-A73338E9FF82}.AppStore|iPhone.ActiveCfg = Release|Any CPU
		{7493DC23-2BF6-4DB2-8764-A73338E9FF82}.AppStore|iPhone.Build.0 = Release|Any CPU
		{7493DC23-2BF6-4DB2-8764-A73338E9FF82}.AppStore|iPhone.Deploy.0 = Release|Any CPU
		{7493DC23-2BF6-4DB2-8764-A73338E9FF82}.AppStore|iPhoneSimulator.ActiveCfg = Release|Any CPU
		{7493DC23-2BF6-4DB2-8764-A73338E9FF82}.AppStore|iPhoneSimulator.Build.0 = Release|Any CPU
		{7493DC23-2BF6-4DB2-8764-A73338E9FF82}.AppStore|iPhoneSimulator.Deploy.0 = Release|Any CPU
		{7493DC23-2BF6-4DB2-8764-A73338E9FF82}.AppStore|x64.ActiveCfg = Release|Any CPU
		{7493DC23-2BF6-4DB2-8764-A73338E9FF82}.AppStore|x64.Build.0 = Release|Any CPU
		{7493DC23-2BF6-4DB2-8764-A73338E9FF82}.AppStore|x64.Deploy.0 = Release|Any CPU
		{7493DC23-2BF6-4DB2-8764-A73338E9FF82}.AppStore|x86.ActiveCfg = Release|Any CPU
		{7493DC23-2BF6-4DB2-8764-A73338E9FF82}.AppStore|x86.Build.0 = Release|Any CPU
		{7493DC23-2BF6-4DB2-8764-A73338E9FF82}.AppStore|x86.Deploy.0 = Release|Any CPU
		{7493DC23-2BF6-4DB2-8764-A73338E9FF82}.Debug|Any CPU.ActiveCfg = Debug|Any CPU
		{7493DC23-2BF6-4DB2-8764-A73338E9FF82}.Debug|Any CPU.Build.0 = Debug|Any CPU
		{7493DC23-2BF6-4DB2-8764-A73338E9FF82}.Debug|Any CPU.Deploy.0 = Debug|Any CPU
		{7493DC23-2BF6-4DB2-8764-A73338E9FF82}.Debug|ARM.ActiveCfg = Debug|Any CPU
		{7493DC23-2BF6-4DB2-8764-A73338E9FF82}.Debug|ARM.Build.0 = Debug|Any CPU
		{7493DC23-2BF6-4DB2-8764-A73338E9FF82}.Debug|ARM.Deploy.0 = Debug|Any CPU
		{7493DC23-2BF6-4DB2-8764-A73338E9FF82}.Debug|iPhone.ActiveCfg = Debug|Any CPU
		{7493DC23-2BF6-4DB2-8764-A73338E9FF82}.Debug|iPhone.Build.0 = Debug|Any CPU
		{7493DC23-2BF6-4DB2-8764-A73338E9FF82}.Debug|iPhone.Deploy.0 = Debug|Any CPU
		{7493DC23-2BF6-4DB2-8764-A73338E9FF82}.Debug|iPhoneSimulator.ActiveCfg = Debug|Any CPU
		{7493DC23-2BF6-4DB2-8764-A73338E9FF82}.Debug|iPhoneSimulator.Build.0 = Debug|Any CPU
		{7493DC23-2BF6-4DB2-8764-A73338E9FF82}.Debug|iPhoneSimulator.Deploy.0 = Debug|Any CPU
		{7493DC23-2BF6-4DB2-8764-A73338E9FF82}.Debug|x64.ActiveCfg = Debug|Any CPU
		{7493DC23-2BF6-4DB2-8764-A73338E9FF82}.Debug|x64.Build.0 = Debug|Any CPU
		{7493DC23-2BF6-4DB2-8764-A73338E9FF82}.Debug|x64.Deploy.0 = Debug|Any CPU
		{7493DC23-2BF6-4DB2-8764-A73338E9FF82}.Debug|x86.ActiveCfg = Debug|Any CPU
		{7493DC23-2BF6-4DB2-8764-A73338E9FF82}.Debug|x86.Build.0 = Debug|Any CPU
		{7493DC23-2BF6-4DB2-8764-A73338E9FF82}.Debug|x86.Deploy.0 = Debug|Any CPU
		{7493DC23-2BF6-4DB2-8764-A73338E9FF82}.Release|Any CPU.ActiveCfg = Release|Any CPU
		{7493DC23-2BF6-4DB2-8764-A73338E9FF82}.Release|Any CPU.Build.0 = Release|Any CPU
		{7493DC23-2BF6-4DB2-8764-A73338E9FF82}.Release|Any CPU.Deploy.0 = Release|Any CPU
		{7493DC23-2BF6-4DB2-8764-A73338E9FF82}.Release|ARM.ActiveCfg = Release|Any CPU
		{7493DC23-2BF6-4DB2-8764-A73338E9FF82}.Release|ARM.Build.0 = Release|Any CPU
		{7493DC23-2BF6-4DB2-8764-A73338E9FF82}.Release|ARM.Deploy.0 = Release|Any CPU
		{7493DC23-2BF6-4DB2-8764-A73338E9FF82}.Release|iPhone.ActiveCfg = Release|Any CPU
		{7493DC23-2BF6-4DB2-8764-A73338E9FF82}.Release|iPhone.Build.0 = Release|Any CPU
		{7493DC23-2BF6-4DB2-8764-A73338E9FF82}.Release|iPhone.Deploy.0 = Release|Any CPU
		{7493DC23-2BF6-4DB2-8764-A73338E9FF82}.Release|iPhoneSimulator.ActiveCfg = Release|Any CPU
		{7493DC23-2BF6-4DB2-8764-A73338E9FF82}.Release|iPhoneSimulator.Build.0 = Release|Any CPU
		{7493DC23-2BF6-4DB2-8764-A73338E9FF82}.Release|iPhoneSimulator.Deploy.0 = Release|Any CPU
		{7493DC23-2BF6-4DB2-8764-A73338E9FF82}.Release|x64.ActiveCfg = Release|Any CPU
		{7493DC23-2BF6-4DB2-8764-A73338E9FF82}.Release|x64.Build.0 = Release|Any CPU
		{7493DC23-2BF6-4DB2-8764-A73338E9FF82}.Release|x64.Deploy.0 = Release|Any CPU
		{7493DC23-2BF6-4DB2-8764-A73338E9FF82}.Release|x86.ActiveCfg = Release|Any CPU
		{7493DC23-2BF6-4DB2-8764-A73338E9FF82}.Release|x86.Build.0 = Release|Any CPU
		{7493DC23-2BF6-4DB2-8764-A73338E9FF82}.Release|x86.Deploy.0 = Release|Any CPU
		{546E85E3-F519-48BC-B3C9-1B8FB274D3B6}.Ad-Hoc|Any CPU.ActiveCfg = Release|Any CPU
		{546E85E3-F519-48BC-B3C9-1B8FB274D3B6}.Ad-Hoc|Any CPU.Build.0 = Release|Any CPU
		{546E85E3-F519-48BC-B3C9-1B8FB274D3B6}.Ad-Hoc|ARM.ActiveCfg = Release|Any CPU
		{546E85E3-F519-48BC-B3C9-1B8FB274D3B6}.Ad-Hoc|ARM.Build.0 = Release|Any CPU
		{546E85E3-F519-48BC-B3C9-1B8FB274D3B6}.Ad-Hoc|iPhone.ActiveCfg = Release|Any CPU
		{546E85E3-F519-48BC-B3C9-1B8FB274D3B6}.Ad-Hoc|iPhone.Build.0 = Release|Any CPU
		{546E85E3-F519-48BC-B3C9-1B8FB274D3B6}.Ad-Hoc|iPhoneSimulator.ActiveCfg = Release|Any CPU
		{546E85E3-F519-48BC-B3C9-1B8FB274D3B6}.Ad-Hoc|iPhoneSimulator.Build.0 = Release|Any CPU
		{546E85E3-F519-48BC-B3C9-1B8FB274D3B6}.Ad-Hoc|x64.ActiveCfg = Release|Any CPU
		{546E85E3-F519-48BC-B3C9-1B8FB274D3B6}.Ad-Hoc|x64.Build.0 = Release|Any CPU
		{546E85E3-F519-48BC-B3C9-1B8FB274D3B6}.Ad-Hoc|x86.ActiveCfg = Release|Any CPU
		{546E85E3-F519-48BC-B3C9-1B8FB274D3B6}.Ad-Hoc|x86.Build.0 = Release|Any CPU
		{546E85E3-F519-48BC-B3C9-1B8FB274D3B6}.AppStore|Any CPU.ActiveCfg = Release|Any CPU
		{546E85E3-F519-48BC-B3C9-1B8FB274D3B6}.AppStore|Any CPU.Build.0 = Release|Any CPU
		{546E85E3-F519-48BC-B3C9-1B8FB274D3B6}.AppStore|ARM.ActiveCfg = Release|Any CPU
		{546E85E3-F519-48BC-B3C9-1B8FB274D3B6}.AppStore|ARM.Build.0 = Release|Any CPU
		{546E85E3-F519-48BC-B3C9-1B8FB274D3B6}.AppStore|iPhone.ActiveCfg = Release|Any CPU
		{546E85E3-F519-48BC-B3C9-1B8FB274D3B6}.AppStore|iPhone.Build.0 = Release|Any CPU
		{546E85E3-F519-48BC-B3C9-1B8FB274D3B6}.AppStore|iPhoneSimulator.ActiveCfg = Release|Any CPU
		{546E85E3-F519-48BC-B3C9-1B8FB274D3B6}.AppStore|iPhoneSimulator.Build.0 = Release|Any CPU
		{546E85E3-F519-48BC-B3C9-1B8FB274D3B6}.AppStore|x64.ActiveCfg = Release|Any CPU
		{546E85E3-F519-48BC-B3C9-1B8FB274D3B6}.AppStore|x64.Build.0 = Release|Any CPU
		{546E85E3-F519-48BC-B3C9-1B8FB274D3B6}.AppStore|x86.ActiveCfg = Release|Any CPU
		{546E85E3-F519-48BC-B3C9-1B8FB274D3B6}.AppStore|x86.Build.0 = Release|Any CPU
		{546E85E3-F519-48BC-B3C9-1B8FB274D3B6}.Debug|Any CPU.ActiveCfg = Debug|Any CPU
		{546E85E3-F519-48BC-B3C9-1B8FB274D3B6}.Debug|Any CPU.Build.0 = Debug|Any CPU
		{546E85E3-F519-48BC-B3C9-1B8FB274D3B6}.Debug|ARM.ActiveCfg = Debug|Any CPU
		{546E85E3-F519-48BC-B3C9-1B8FB274D3B6}.Debug|ARM.Build.0 = Debug|Any CPU
		{546E85E3-F519-48BC-B3C9-1B8FB274D3B6}.Debug|iPhone.ActiveCfg = Debug|Any CPU
		{546E85E3-F519-48BC-B3C9-1B8FB274D3B6}.Debug|iPhone.Build.0 = Debug|Any CPU
		{546E85E3-F519-48BC-B3C9-1B8FB274D3B6}.Debug|iPhoneSimulator.ActiveCfg = Debug|Any CPU
		{546E85E3-F519-48BC-B3C9-1B8FB274D3B6}.Debug|iPhoneSimulator.Build.0 = Debug|Any CPU
		{546E85E3-F519-48BC-B3C9-1B8FB274D3B6}.Debug|x64.ActiveCfg = Debug|Any CPU
		{546E85E3-F519-48BC-B3C9-1B8FB274D3B6}.Debug|x64.Build.0 = Debug|Any CPU
		{546E85E3-F519-48BC-B3C9-1B8FB274D3B6}.Debug|x86.ActiveCfg = Debug|Any CPU
		{546E85E3-F519-48BC-B3C9-1B8FB274D3B6}.Debug|x86.Build.0 = Debug|Any CPU
		{546E85E3-F519-48BC-B3C9-1B8FB274D3B6}.Release|Any CPU.ActiveCfg = Release|Any CPU
		{546E85E3-F519-48BC-B3C9-1B8FB274D3B6}.Release|Any CPU.Build.0 = Release|Any CPU
		{546E85E3-F519-48BC-B3C9-1B8FB274D3B6}.Release|ARM.ActiveCfg = Release|Any CPU
		{546E85E3-F519-48BC-B3C9-1B8FB274D3B6}.Release|ARM.Build.0 = Release|Any CPU
		{546E85E3-F519-48BC-B3C9-1B8FB274D3B6}.Release|iPhone.ActiveCfg = Release|Any CPU
		{546E85E3-F519-48BC-B3C9-1B8FB274D3B6}.Release|iPhone.Build.0 = Release|Any CPU
		{546E85E3-F519-48BC-B3C9-1B8FB274D3B6}.Release|iPhoneSimulator.ActiveCfg = Release|Any CPU
		{546E85E3-F519-48BC-B3C9-1B8FB274D3B6}.Release|iPhoneSimulator.Build.0 = Release|Any CPU
		{546E85E3-F519-48BC-B3C9-1B8FB274D3B6}.Release|x64.ActiveCfg = Release|Any CPU
		{546E85E3-F519-48BC-B3C9-1B8FB274D3B6}.Release|x64.Build.0 = Release|Any CPU
		{546E85E3-F519-48BC-B3C9-1B8FB274D3B6}.Release|x86.ActiveCfg = Release|Any CPU
		{546E85E3-F519-48BC-B3C9-1B8FB274D3B6}.Release|x86.Build.0 = Release|Any CPU
		{8D1375D4-B9EF-4E38-920D-945BB7B64389}.Ad-Hoc|Any CPU.ActiveCfg = Debug|Any CPU
		{8D1375D4-B9EF-4E38-920D-945BB7B64389}.Ad-Hoc|Any CPU.Build.0 = Debug|Any CPU
		{8D1375D4-B9EF-4E38-920D-945BB7B64389}.Ad-Hoc|ARM.ActiveCfg = Debug|Any CPU
		{8D1375D4-B9EF-4E38-920D-945BB7B64389}.Ad-Hoc|ARM.Build.0 = Debug|Any CPU
		{8D1375D4-B9EF-4E38-920D-945BB7B64389}.Ad-Hoc|iPhone.ActiveCfg = Debug|Any CPU
		{8D1375D4-B9EF-4E38-920D-945BB7B64389}.Ad-Hoc|iPhone.Build.0 = Debug|Any CPU
		{8D1375D4-B9EF-4E38-920D-945BB7B64389}.Ad-Hoc|iPhoneSimulator.ActiveCfg = Debug|Any CPU
		{8D1375D4-B9EF-4E38-920D-945BB7B64389}.Ad-Hoc|iPhoneSimulator.Build.0 = Debug|Any CPU
		{8D1375D4-B9EF-4E38-920D-945BB7B64389}.Ad-Hoc|x64.ActiveCfg = Debug|Any CPU
		{8D1375D4-B9EF-4E38-920D-945BB7B64389}.Ad-Hoc|x64.Build.0 = Debug|Any CPU
		{8D1375D4-B9EF-4E38-920D-945BB7B64389}.Ad-Hoc|x86.ActiveCfg = Debug|Any CPU
		{8D1375D4-B9EF-4E38-920D-945BB7B64389}.Ad-Hoc|x86.Build.0 = Debug|Any CPU
		{8D1375D4-B9EF-4E38-920D-945BB7B64389}.AppStore|Any CPU.ActiveCfg = Debug|Any CPU
		{8D1375D4-B9EF-4E38-920D-945BB7B64389}.AppStore|Any CPU.Build.0 = Debug|Any CPU
		{8D1375D4-B9EF-4E38-920D-945BB7B64389}.AppStore|ARM.ActiveCfg = Debug|Any CPU
		{8D1375D4-B9EF-4E38-920D-945BB7B64389}.AppStore|ARM.Build.0 = Debug|Any CPU
		{8D1375D4-B9EF-4E38-920D-945BB7B64389}.AppStore|iPhone.ActiveCfg = Debug|Any CPU
		{8D1375D4-B9EF-4E38-920D-945BB7B64389}.AppStore|iPhone.Build.0 = Debug|Any CPU
		{8D1375D4-B9EF-4E38-920D-945BB7B64389}.AppStore|iPhoneSimulator.ActiveCfg = Debug|Any CPU
		{8D1375D4-B9EF-4E38-920D-945BB7B64389}.AppStore|iPhoneSimulator.Build.0 = Debug|Any CPU
		{8D1375D4-B9EF-4E38-920D-945BB7B64389}.AppStore|x64.ActiveCfg = Debug|Any CPU
		{8D1375D4-B9EF-4E38-920D-945BB7B64389}.AppStore|x64.Build.0 = Debug|Any CPU
		{8D1375D4-B9EF-4E38-920D-945BB7B64389}.AppStore|x86.ActiveCfg = Debug|Any CPU
		{8D1375D4-B9EF-4E38-920D-945BB7B64389}.AppStore|x86.Build.0 = Debug|Any CPU
		{8D1375D4-B9EF-4E38-920D-945BB7B64389}.Debug|Any CPU.ActiveCfg = Debug|Any CPU
		{8D1375D4-B9EF-4E38-920D-945BB7B64389}.Debug|Any CPU.Build.0 = Debug|Any CPU
		{8D1375D4-B9EF-4E38-920D-945BB7B64389}.Debug|ARM.ActiveCfg = Debug|Any CPU
		{8D1375D4-B9EF-4E38-920D-945BB7B64389}.Debug|ARM.Build.0 = Debug|Any CPU
		{8D1375D4-B9EF-4E38-920D-945BB7B64389}.Debug|iPhone.ActiveCfg = Debug|Any CPU
		{8D1375D4-B9EF-4E38-920D-945BB7B64389}.Debug|iPhone.Build.0 = Debug|Any CPU
		{8D1375D4-B9EF-4E38-920D-945BB7B64389}.Debug|iPhoneSimulator.ActiveCfg = Debug|Any CPU
		{8D1375D4-B9EF-4E38-920D-945BB7B64389}.Debug|iPhoneSimulator.Build.0 = Debug|Any CPU
		{8D1375D4-B9EF-4E38-920D-945BB7B64389}.Debug|x64.ActiveCfg = Debug|Any CPU
		{8D1375D4-B9EF-4E38-920D-945BB7B64389}.Debug|x64.Build.0 = Debug|Any CPU
		{8D1375D4-B9EF-4E38-920D-945BB7B64389}.Debug|x86.ActiveCfg = Debug|Any CPU
		{8D1375D4-B9EF-4E38-920D-945BB7B64389}.Debug|x86.Build.0 = Debug|Any CPU
		{8D1375D4-B9EF-4E38-920D-945BB7B64389}.Release|Any CPU.ActiveCfg = Release|Any CPU
		{8D1375D4-B9EF-4E38-920D-945BB7B64389}.Release|Any CPU.Build.0 = Release|Any CPU
		{8D1375D4-B9EF-4E38-920D-945BB7B64389}.Release|ARM.ActiveCfg = Release|Any CPU
		{8D1375D4-B9EF-4E38-920D-945BB7B64389}.Release|ARM.Build.0 = Release|Any CPU
		{8D1375D4-B9EF-4E38-920D-945BB7B64389}.Release|iPhone.ActiveCfg = Release|Any CPU
		{8D1375D4-B9EF-4E38-920D-945BB7B64389}.Release|iPhone.Build.0 = Release|Any CPU
		{8D1375D4-B9EF-4E38-920D-945BB7B64389}.Release|iPhoneSimulator.ActiveCfg = Release|Any CPU
		{8D1375D4-B9EF-4E38-920D-945BB7B64389}.Release|iPhoneSimulator.Build.0 = Release|Any CPU
		{8D1375D4-B9EF-4E38-920D-945BB7B64389}.Release|x64.ActiveCfg = Release|Any CPU
		{8D1375D4-B9EF-4E38-920D-945BB7B64389}.Release|x64.Build.0 = Release|Any CPU
		{8D1375D4-B9EF-4E38-920D-945BB7B64389}.Release|x86.ActiveCfg = Release|Any CPU
		{8D1375D4-B9EF-4E38-920D-945BB7B64389}.Release|x86.Build.0 = Release|Any CPU
	EndGlobalSection
	GlobalSection(SolutionProperties) = preSolution
		HideSolutionNode = FALSE
	EndGlobalSection
	GlobalSection(NestedProjects) = preSolution
		{D66BFAF2-A0A7-4666-A0D9-3B9B339C5A8E} = {216FF262-DF4D-48DE-A52B-E7F5718F32C1}
		{5DDE3427-ACA8-4BFD-8125-E1D69CB60776} = {216FF262-DF4D-48DE-A52B-E7F5718F32C1}
	EndGlobalSection
	GlobalSection(ExtensibilityGlobals) = postSolution
		SolutionGuid = {96BA3A01-3FB5-4765-B5BB-193675DB47E2}
	EndGlobalSection
EndGlobal
